Microsoft Visual Studio Solution File, Format Version 10.00
# Visual Studio 2008
Project("{FAE04EC0-301F-11D3-BF4B-00C04F79EFBC}") = "AlphaImageImagelist", "AlphaImageImagelist.csproj", "{307CE339-6370-4C9A-800A-3402ECBC1824}"
EndProject
Global
	GlobalSection(SolutionConfigurationPlatforms) = preSolution
		Debug|Any CPU = Debug|Any CPU
		Release|Any CPU = Release|Any CPU
	EndGlobalSection
	GlobalSection(ProjectConfigurationPlatforms) = postSolution
		{307CE339-6370-4C9A-800A-3402ECBC1824}.Debug|Any CPU.ActiveCfg = Debug|Any CPU
		{307CE339-6370-4C9A-800A-3402ECBC1824}.Debug|Any CPU.Build.0 = Debug|Any CPU
		{307CE339-6370-4C9A-800A-3402ECBC1824}.Release|Any CPU.ActiveCfg = Release|Any CPU
		{307CE339-6370-4C9A-800A-3402ECBC1824}.Release|Any CPU.Build.0 = Release|Any CPU
	EndGlobalSection
	GlobalSection(SolutionProperties) = preSolution
		HideSolutionNode = FALSE
	EndGlobalSection
EndGlobal
